
Microsoft Visual Studio Solution File, Format Version 12.00
# Visual Studio Version 16
VisualStudioVersion = 16.0.32630.194
MinimumVisualStudioVersion = 10.0.40219.1
Project("{FAE04EC0-301F-11D3-BF4B-00C04F79EFBC}") = "DynamicIPCONFIG", "DynamicIPCONFIG.csproj", "{ADBC5A53-9E55-4AB8-966A-55D21756FD66}"
EndProject
Global
	GlobalSection(SolutionConfigurationPlatforms) = preSolution
		Debug|Any CPU = Debug|Any CPU
		Release|Any CPU = Release|Any CPU
	EndGlobalSection
	GlobalSection(ProjectConfigurationPlatforms) = postSolution
		{ADBC5A53-9E55-4AB8-966A-55D21756FD66}.Debug|Any CPU.ActiveCfg = Debug|Any CPU
		{ADBC5A53-9E55-4AB8-966A-55D21756FD66}.Debug|Any CPU.Build.0 = Debug|Any CPU
		{ADBC5A53-9E55-4AB8-966A-55D21756FD66}.Release|Any CPU.ActiveCfg = Release|Any CPU
		{ADBC5A53-9E55-4AB8-966A-55D21756FD66}.Release|Any CPU.Build.0 = Release|Any CPU
	EndGlobalSection
	GlobalSection(SolutionProperties) = preSolution
		HideSolutionNode = FALSE
	EndGlobalSection
	GlobalSection(ExtensibilityGlobals) = postSolution
		SolutionGuid = {D456274F-F88F-4472-A441-C73E7351E486}
	EndGlobalSection
EndGlobal
